
Microsoft Visual Studio Solution File, Format Version 12.00
# Visual Studio Version 16
VisualStudioVersion = 16.0.31624.102
MinimumVisualStudioVersion = 10.0.40219.1
Project("{9A19103F-16F7-4668-BE54-9A1E7A4F7556}") = "hot-iot-tub", "hot-iot-tub\hot-iot-tub.csproj", "{10622795-4558-4000-AE9B-548FA9B32224}"
EndProject
Project("{9A19103F-16F7-4668-BE54-9A1E7A4F7556}") = "iot-worker", "iot-worker\iot-worker.csproj", "{1A724BDF-DEEB-4298-8C61-66AD8BE762BC}"
EndProject
Project("{9A19103F-16F7-4668-BE54-9A1E7A4F7556}") = "DataModels", "DataModels\DataModels.csproj", "{BC031D5D-D87A-4883-8425-E32758E1B3EF}"
EndProject
Global
	GlobalSection(SolutionConfigurationPlatforms) = preSolution
		Debug|Any CPU = Debug|Any CPU
		Release|Any CPU = Release|Any CPU
	EndGlobalSection
	GlobalSection(ProjectConfigurationPlatforms) = postSolution
		{10622795-4558-4000-AE9B-548FA9B32224}.Debug|Any CPU.ActiveCfg = Debug|Any CPU
		{10622795-4558-4000-AE9B-548FA9B32224}.Debug|Any CPU.Build.0 = Debug|Any CPU
		{10622795-4558-4000-AE9B-548FA9B32224}.Release|Any CPU.ActiveCfg = Release|Any CPU
		{10622795-4558-4000-AE9B-548FA9B32224}.Release|Any CPU.Build.0 = Release|Any CPU
		{1A724BDF-DEEB-4298-8C61-66AD8BE762BC}.Debug|Any CPU.ActiveCfg = Debug|Any CPU
		{1A724BDF-DEEB-4298-8C61-66AD8BE762BC}.Debug|Any CPU.Build.0 = Debug|Any CPU
		{1A724BDF-DEEB-4298-8C61-66AD8BE762BC}.Release|Any CPU.ActiveCfg = Release|Any CPU
		{1A724BDF-DEEB-4298-8C61-66AD8BE762BC}.Release|Any CPU.Build.0 = Release|Any CPU
		{BC031D5D-D87A-4883-8425-E32758E1B3EF}.Debug|Any CPU.ActiveCfg = Debug|Any CPU
		{BC031D5D-D87A-4883-8425-E32758E1B3EF}.Debug|Any CPU.Build.0 = Debug|Any CPU
		{BC031D5D-D87A-4883-8425-E32758E1B3EF}.Release|Any CPU.ActiveCfg = Release|Any CPU
		{BC031D5D-D87A-4883-8425-E32758E1B3EF}.Release|Any CPU.Build.0 = Release|Any CPU
	EndGlobalSection
	GlobalSection(SolutionProperties) = preSolution
		HideSolutionNode = FALSE
	EndGlobalSection
	GlobalSection(ExtensibilityGlobals) = postSolution
		SolutionGuid = {61BDDD43-6DD1-4E44-858F-8E75C05F9815}
	EndGlobalSection
EndGlobal
